
Microsoft Visual Studio Solution File, Format Version 12.00
# Visual Studio Version 16
VisualStudioVersion = 16.0.31613.86
MinimumVisualStudioVersion = 10.0.40219.1
Project("{FAE04EC0-301F-11D3-BF4B-00C04F79EFBC}") = "LexiconConsoleApp", "LexiconConsoleApp\LexiconConsoleApp.csproj", "{AE72E8CD-3EEA-46C8-9E9A-0EB401C99CBE}"
EndProject
Global
	GlobalSection(SolutionConfigurationPlatforms) = preSolution
		Debug|Any CPU = Debug|Any CPU
		Release|Any CPU = Release|Any CPU
	EndGlobalSection
	GlobalSection(ProjectConfigurationPlatforms) = postSolution
		{AE72E8CD-3EEA-46C8-9E9A-0EB401C99CBE}.Debug|Any CPU.ActiveCfg = Debug|Any CPU
		{AE72E8CD-3EEA-46C8-9E9A-0EB401C99CBE}.Debug|Any CPU.Build.0 = Debug|Any CPU
		{AE72E8CD-3EEA-46C8-9E9A-0EB401C99CBE}.Release|Any CPU.ActiveCfg = Release|Any CPU
		{AE72E8CD-3EEA-46C8-9E9A-0EB401C99CBE}.Release|Any CPU.Build.0 = Release|Any CPU
	EndGlobalSection
	GlobalSection(SolutionProperties) = preSolution
		HideSolutionNode = FALSE
	EndGlobalSection
	GlobalSection(ExtensibilityGlobals) = postSolution
		SolutionGuid = {E6F24EFD-0201-4F31-ADF6-D56AA32F3B3D}
	EndGlobalSection
EndGlobal
